
Microsoft Visual Studio Solution File, Format Version 12.00
# Visual Studio Version 16
VisualStudioVersion = 16.0.29920.165
MinimumVisualStudioVersion = 10.0.40219.1
Project("{FAE04EC0-301F-11D3-BF4B-00C04F79EFBC}") = "Eshava.Report.Pdf.Core", "Eshava.Report.Pdf.Core\Eshava.Report.Pdf.Core.csproj", "{F2213CDD-BB83-48D0-A9E3-B9729D40EEAF}"
EndProject
Project("{FAE04EC0-301F-11D3-BF4B-00C04F79EFBC}") = "Eshava.Report.Pdf.NetCore", "Eshava.Report.Pdf.NetCore\Eshava.Report.Pdf.NetCore.csproj", "{F5C79850-67CB-4840-BAE5-BB7836B7E7C6}"
EndProject
Project("{FAE04EC0-301F-11D3-BF4B-00C04F79EFBC}") = "Eshava.Report.Pdf.NetFramework", "Eshava.Report.Pdf.NetFramework\Eshava.Report.Pdf.NetFramework.csproj", "{79BC3212-1B46-40A6-B345-02F55DD0567C}"
EndProject
Global
	GlobalSection(SolutionConfigurationPlatforms) = preSolution
		Debug|Any CPU = Debug|Any CPU
		Release|Any CPU = Release|Any CPU
	EndGlobalSection
	GlobalSection(ProjectConfigurationPlatforms) = postSolution
		{F2213CDD-BB83-48D0-A9E3-B9729D40EEAF}.Debug|Any CPU.ActiveCfg = Debug|Any CPU
		{F2213CDD-BB83-48D0-A9E3-B9729D40EEAF}.Debug|Any CPU.Build.0 = Debug|Any CPU
		{F2213CDD-BB83-48D0-A9E3-B9729D40EEAF}.Release|Any CPU.ActiveCfg = Release|Any CPU
		{F2213CDD-BB83-48D0-A9E3-B9729D40EEAF}.Release|Any CPU.Build.0 = Release|Any CPU
		{F5C79850-67CB-4840-BAE5-BB7836B7E7C6}.Debug|Any CPU.ActiveCfg = Debug|Any CPU
		{F5C79850-67CB-4840-BAE5-BB7836B7E7C6}.Debug|Any CPU.Build.0 = Debug|Any CPU
		{F5C79850-67CB-4840-BAE5-BB7836B7E7C6}.Release|Any CPU.ActiveCfg = Release|Any CPU
		{F5C79850-67CB-4840-BAE5-BB7836B7E7C6}.Release|Any CPU.Build.0 = Release|Any CPU
		{79BC3212-1B46-40A6-B345-02F55DD0567C}.Debug|Any CPU.ActiveCfg = Debug|Any CPU
		{79BC3212-1B46-40A6-B345-02F55DD0567C}.Debug|Any CPU.Build.0 = Debug|Any CPU
		{79BC3212-1B46-40A6-B345-02F55DD0567C}.Release|Any CPU.ActiveCfg = Release|Any CPU
		{79BC3212-1B46-40A6-B345-02F55DD0567C}.Release|Any CPU.Build.0 = Release|Any CPU
	EndGlobalSection
	GlobalSection(SolutionProperties) = preSolution
		HideSolutionNode = FALSE
	EndGlobalSection
	GlobalSection(ExtensibilityGlobals) = postSolution
		SolutionGuid = {D4C08238-8454-4950-9FB5-C4F09385713A}
	EndGlobalSection
EndGlobal
